
Microsoft Visual Studio Solution File, Format Version 12.00
# Visual Studio Version 17
VisualStudioVersion = 17.6.33723.286
MinimumVisualStudioVersion = 10.0.40219.1
Project("{8BC9CEB8-8B4A-11D0-8D11-00A0C91BC942}") = "console_animation", "console_animation.vcxproj", "{7FEB68CF-30B7-47C3-91A6-DEBE1032D481}"
EndProject
Global
	GlobalSection(SolutionConfigurationPlatforms) = preSolution
		Debug|x64 = Debug|x64
		Debug|x86 = Debug|x86
		Release|x64 = Release|x64
		Release|x86 = Release|x86
	EndGlobalSection
	GlobalSection(ProjectConfigurationPlatforms) = postSolution
		{7FEB68CF-30B7-47C3-91A6-DEBE1032D481}.Debug|x64.ActiveCfg = Debug|x64
		{7FEB68CF-30B7-47C3-91A6-DEBE1032D481}.Debug|x64.Build.0 = Debug|x64
		{7FEB68CF-30B7-47C3-91A6-DEBE1032D481}.Debug|x86.ActiveCfg = Debug|Win32
		{7FEB68CF-30B7-47C3-91A6-DEBE1032D481}.Debug|x86.Build.0 = Debug|Win32
		{7FEB68CF-30B7-47C3-91A6-DEBE1032D481}.Release|x64.ActiveCfg = Release|x64
		{7FEB68CF-30B7-47C3-91A6-DEBE1032D481}.Release|x64.Build.0 = Release|x64
		{7FEB68CF-30B7-47C3-91A6-DEBE1032D481}.Release|x86.ActiveCfg = Release|Win32
		{7FEB68CF-30B7-47C3-91A6-DEBE1032D481}.Release|x86.Build.0 = Release|Win32
	EndGlobalSection
	GlobalSection(SolutionProperties) = preSolution
		HideSolutionNode = FALSE
	EndGlobalSection
	GlobalSection(ExtensibilityGlobals) = postSolution
		SolutionGuid = {ADE1A51D-A0C9-4EA9-9A40-4D0322150EC5}
	EndGlobalSection
EndGlobal
